
Microsoft Visual Studio Solution File, Format Version 11.00
# Visual Studio 2010
Project("{FAE04EC0-301F-11D3-BF4B-00C04F79EFBC}") = "Drag-Drop", "Drag-Drop\Drag-Drop.csproj", "{F5C8435B-B6D7-4955-AD64-721628DBDC8B}"
EndProject
Global
	GlobalSection(SolutionConfigurationPlatforms) = preSolution
		Debug|iPhoneSimulator = Debug|iPhoneSimulator
		Release|iPhoneSimulator = Release|iPhoneSimulator
		Debug|iPhone = Debug|iPhone
		Release|iPhone = Release|iPhone
		Ad-Hoc|iPhone = Ad-Hoc|iPhone
		AppStore|iPhone = AppStore|iPhone
	EndGlobalSection
	GlobalSection(ProjectConfigurationPlatforms) = postSolution
		{F5C8435B-B6D7-4955-AD64-721628DBDC8B}.Ad-Hoc|iPhone.ActiveCfg = Ad-Hoc|iPhone
		{F5C8435B-B6D7-4955-AD64-721628DBDC8B}.Ad-Hoc|iPhone.Build.0 = Ad-Hoc|iPhone
		{F5C8435B-B6D7-4955-AD64-721628DBDC8B}.AppStore|iPhone.ActiveCfg = AppStore|iPhone
		{F5C8435B-B6D7-4955-AD64-721628DBDC8B}.AppStore|iPhone.Build.0 = AppStore|iPhone
		{F5C8435B-B6D7-4955-AD64-721628DBDC8B}.Debug|iPhone.ActiveCfg = Debug|iPhone
		{F5C8435B-B6D7-4955-AD64-721628DBDC8B}.Debug|iPhone.Build.0 = Debug|iPhone
		{F5C8435B-B6D7-4955-AD64-721628DBDC8B}.Debug|iPhoneSimulator.ActiveCfg = Debug|iPhoneSimulator
		{F5C8435B-B6D7-4955-AD64-721628DBDC8B}.Debug|iPhoneSimulator.Build.0 = Debug|iPhoneSimulator
		{F5C8435B-B6D7-4955-AD64-721628DBDC8B}.Release|iPhone.ActiveCfg = Release|iPhone
		{F5C8435B-B6D7-4955-AD64-721628DBDC8B}.Release|iPhone.Build.0 = Release|iPhone
		{F5C8435B-B6D7-4955-AD64-721628DBDC8B}.Release|iPhoneSimulator.ActiveCfg = Release|iPhoneSimulator
		{F5C8435B-B6D7-4955-AD64-721628DBDC8B}.Release|iPhoneSimulator.Build.0 = Release|iPhoneSimulator
	EndGlobalSection
	GlobalSection(MonoDevelopProperties) = preSolution
		StartupItem = Drag-Drop\Drag-Drop.csproj
	EndGlobalSection
EndGlobal
